
Microsoft Visual Studio Solution File, Format Version 12.00
# Visual Studio Version 17
VisualStudioVersion = 17.7.34202.233
MinimumVisualStudioVersion = 10.0.40219.1
Project("{FAE04EC0-301F-11D3-BF4B-00C04F79EFBC}") = "git", "git\git.csproj", "{8CBB7122-E124-4205-B480-C19B7346356B}"
EndProject
Global
	GlobalSection(SolutionConfigurationPlatforms) = preSolution
		Debug|Any CPU = Debug|Any CPU
		Release|Any CPU = Release|Any CPU
	EndGlobalSection
	GlobalSection(ProjectConfigurationPlatforms) = postSolution
		{8CBB7122-E124-4205-B480-C19B7346356B}.Debug|Any CPU.ActiveCfg = Debug|Any CPU
		{8CBB7122-E124-4205-B480-C19B7346356B}.Debug|Any CPU.Build.0 = Debug|Any CPU
		{8CBB7122-E124-4205-B480-C19B7346356B}.Release|Any CPU.ActiveCfg = Release|Any CPU
		{8CBB7122-E124-4205-B480-C19B7346356B}.Release|Any CPU.Build.0 = Release|Any CPU
	EndGlobalSection
	GlobalSection(SolutionProperties) = preSolution
		HideSolutionNode = FALSE
	EndGlobalSection
	GlobalSection(ExtensibilityGlobals) = postSolution
		SolutionGuid = {E5455A96-1545-44D4-8EF3-09BA2C31EBA1}
	EndGlobalSection
EndGlobal
